// !$*UTF8*$!
{
	archiveVersion = 1;
	classes = {
	};
	objectVersion = 48;
	objects = {

/* Begin PBXBuildFile section */
		25161FE65855143CA0BF9666 /* Pods_FireBaseChat.framework in Frameworks */ = {isa = PBXBuildFile; fileRef = 22EE924CB28F420D35A10B21 /* Pods_FireBaseChat.framework */; };
		511C9778201CF36200B75F84 /* GoogleService-Info.plist in Resources */ = {isa = PBXBuildFile; fileRef = 511C9777201CF36200B75F84 /* GoogleService-Info.plist */; };
		51ABC17A201C839A006991D2 /* AppDelegate.swift in Sources */ = {isa = PBXBuildFile; fileRef = 51ABC179201C839A006991D2 /* AppDelegate.swift */; };
		51ABC17C201C839B006991D2 /* MainTableViewController.swift in Sources */ = {isa = PBXBuildFile; fileRef = 51ABC17B201C839A006991D2 /* MainTableViewController.swift */; };
		51ABC181201C839B006991D2 /* Assets.xcassets in Resources */ = {isa = PBXBuildFile; fileRef = 51ABC180201C839B006991D2 /* Assets.xcassets */; };
		51ABC184201C839B006991D2 /* LaunchScreen.storyboard in Resources */ = {isa = PBXBuildFile; fileRef = 51ABC182201C839B006991D2 /* LaunchScreen.storyboard */; };
		51ABC18E201C86F4006991D2 /* LoginController.swift in Sources */ = {isa = PBXBuildFile; fileRef = 51ABC18C201C86F4006991D2 /* LoginController.swift */; };
		51ABC18F201C86F4006991D2 /* LoginController.xib in Resources */ = {isa = PBXBuildFile; fileRef = 51ABC18D201C86F4006991D2 /* LoginController.xib */; };
/* End PBXBuildFile section */

/* Begin PBXFileReference section */
		22EE924CB28F420D35A10B21 /* Pods_FireBaseChat.framework */ = {isa = PBXFileReference; explicitFileType = wrapper.framework; includeInIndex = 0; path = Pods_FireBaseChat.framework; sourceTree = BUILT_PRODUCTS_DIR; };
		286CFF86C76B6AA471DA39AE /* Pods-FireBaseChat.release.xcconfig */ = {isa = PBXFileReference; includeInIndex = 1; lastKnownFileType = text.xcconfig; name = "Pods-FireBaseChat.release.xcconfig"; path = "Pods/Target Support Files/Pods-FireBaseChat/Pods-FireBaseChat.release.xcconfig"; sourceTree = "<group>"; };
		511C9777201CF36200B75F84 /* GoogleService-Info.plist */ = {isa = PBXFileReference; fileEncoding = 4; lastKnownFileType = text.plist.xml; path = "GoogleService-Info.plist"; sourceTree = "<group>"; };
		51ABC176201C839A006991D2 /* FireBaseChat.app */ = {isa = PBXFileReference; explicitFileType = wrapper.application; includeInIndex = 0; path = FireBaseChat.app; sourceTree = BUILT_PRODUCTS_DIR; };
		51ABC179201C839A006991D2 /* AppDelegate.swift */ = {isa = PBXFileReference; lastKnownFileType = sourcecode.swift; path = AppDelegate.swift; sourceTree = "<group>"; };
		51ABC17B201C839A006991D2 /* MainTableViewController.swift */ = {isa = PBXFileReference; lastKnownFileType = sourcecode.swift; path = MainTableViewController.swift; sourceTree = "<group>"; };
		51ABC180201C839B006991D2 /* Assets.xcassets */ = {isa = PBXFileReference; lastKnownFileType = folder.assetcatalog; path = Assets.xcassets; sourceTree = "<group>"; };
		51ABC183201C839B006991D2 /* Base */ = {isa = PBXFileReference; lastKnownFileType = file.storyboard; name = Base; path = Base.lproj/LaunchScreen.storyboard; sourceTree = "<group>"; };
		51ABC185201C839B006991D2 /* Info.plist */ = {isa = PBXFileReference; lastKnownFileType = text.plist.xml; path = Info.plist; sourceTree = "<group>"; };
		51ABC18C201C86F4006991D2 /* LoginController.swift */ = {isa = PBXFileReference; lastKnownFileType = sourcecode.swift; path = LoginController.swift; sourceTree = "<group>"; };
		51ABC18D201C86F4006991D2 /* LoginController.xib */ = {isa = PBXFileReference; lastKnownFileType = file.xib; path = LoginController.xib; sourceTree = "<group>"; };
		B119A315697A635CEDFDB7D9 /* Pods-FireBaseChat.debug.xcconfig */ = {isa = PBXFileReference; includeInIndex = 1; lastKnownFileType = text.xcconfig; name = "Pods-FireBaseChat.debug.xcconfig"; path = "Pods/Target Support Files/Pods-FireBaseChat/Pods-FireBaseChat.debug.xcconfig"; sourceTree = "<group>"; };
/* End PBXFileReference section */

/* Begin PBXFrameworksBuildPhase section */
		51ABC173201C839A006991D2 /* Frameworks */ = {
			isa = PBXFrameworksBuildPhase;
			buildActionMask = 2147483647;
			files = (
				25161FE65855143CA0BF9666 /* Pods_FireBaseChat.framework in Frameworks */,
			);
			runOnlyForDeploymentPostprocessing = 0;
		};
/* End PBXFrameworksBuildPhase section */

/* Begin PBXGroup section */
		42B313BCCD1D1A3AA5FFAF4A /* Frameworks */ = {
			isa = PBXGroup;
			children = (
				22EE924CB28F420D35A10B21 /* Pods_FireBaseChat.framework */,
			);
			name = Frameworks;
			sourceTree = "<group>";
		};
		51ABC16D201C839A006991D2 = {
			isa = PBXGroup;
			children = (
				51ABC178201C839A006991D2 /* FireBaseChat */,
				51ABC177201C839A006991D2 /* Products */,
				A4E7466886F159B5429B597C /* Pods */,
				42B313BCCD1D1A3AA5FFAF4A /* Frameworks */,
			);
			sourceTree = "<group>";
		};
		51ABC177201C839A006991D2 /* Products */ = {
			isa = PBXGroup;
			children = (
				51ABC176201C839A006991D2 /* FireBaseChat.app */,
			);
			name = Products;
			sourceTree = "<group>";
		};
		51ABC178201C839A006991D2 /* FireBaseChat */ = {
			isa = PBXGroup;
			children = (
				51ABC179201C839A006991D2 /* AppDelegate.swift */,
				51ABC18B201C86D3006991D2 /* Controllers */,
				51ABC180201C839B006991D2 /* Assets.xcassets */,
				51ABC182201C839B006991D2 /* LaunchScreen.storyboard */,
				51ABC185201C839B006991D2 /* Info.plist */,
				511C9777201CF36200B75F84 /* GoogleService-Info.plist */,
			);
			path = FireBaseChat;
			sourceTree = "<group>";
		};
		51ABC18B201C86D3006991D2 /* Controllers */ = {
			isa = PBXGroup;
			children = (
				51ABC17B201C839A006991D2 /* MainTableViewController.swift */,
				51ABC18C201C86F4006991D2 /* LoginController.swift */,
				51ABC18D201C86F4006991D2 /* LoginController.xib */,
			);
			path = Controllers;
			sourceTree = "<group>";
		};
		A4E7466886F159B5429B597C /* Pods */ = {
			isa = PBXGroup;
			children = (
				B119A315697A635CEDFDB7D9 /* Pods-FireBaseChat.debug.xcconfig */,
				286CFF86C76B6AA471DA39AE /* Pods-FireBaseChat.release.xcconfig */,
			);
			name = Pods;
			sourceTree = "<group>";
		};
/* End PBXGroup section */

/* Begin PBXNativeTarget section */
		51ABC175201C839A006991D2 /* FireBaseChat */ = {
			isa = PBXNativeTarget;
			buildConfigurationList = 51ABC188201C839B006991D2 /* Build configuration list for PBXNativeTarget "FireBaseChat" */;
			buildPhases = (
				2C4F1443427671922BC7FC2E /* [CP] Check Pods Manifest.lock */,
				51ABC172201C839A006991D2 /* Sources */,
				51ABC173201C839A006991D2 /* Frameworks */,
				51ABC174201C839A006991D2 /* Resources */,
				25A6C568C7669F849F531A5B /* [CP] Embed Pods Frameworks */,
				7473890A80EFFFF94F011FC8 /* [CP] Copy Pods Resources */,
			);
			buildRules = (
			);
			dependencies = (
			);
			name = FireBaseChat;
			productName = FireBaseChat;
			productReference = 51ABC176201C839A006991D2 /* FireBaseChat.app */;
			productType = "com.apple.product-type.application";
		};
/* End PBXNativeTarget section */

/* Begin PBXProject section */
		51ABC16E201C839A006991D2 /* Project object */ = {
			isa = PBXProject;
			attributes = {
				LastSwiftUpdateCheck = 0920;
				LastUpgradeCheck = 0920;
				ORGANIZATIONNAME = "Alan Casas";
				TargetAttributes = {
					51ABC175201C839A006991D2 = {
						CreatedOnToolsVersion = 9.2;
						ProvisioningStyle = Automatic;
					};
				};
			};
			buildConfigurationList = 51ABC171201C839A006991D2 /* Build configuration list for PBXProject "FireBaseChat" */;
			compatibilityVersion = "Xcode 8.0";
			developmentRegion = en;
			hasScannedForEncodings = 0;
			knownRegions = (
				en,
				Base,
			);
			mainGroup = 51ABC16D201C839A006991D2;
			productRefGroup = 51ABC177201C839A006991D2 /* Products */;
			projectDirPath = "";
			projectRoot = "";
			targets = (
				51ABC175201C839A006991D2 /* FireBaseChat */,
			);
		};
/* End PBXProject section */

/* Begin PBXResourcesBuildPhase section */
		51ABC174201C839A006991D2 /* Resources */ = {
			isa = PBXResourcesBuildPhase;
			buildActionMask = 2147483647;
			files = (
				51ABC184201C839B006991D2 /* LaunchScreen.storyboard in Resources */,
				511C9778201CF36200B75F84 /* GoogleService-Info.plist in Resources */,
				51ABC18F201C86F4006991D2 /* LoginController.xib in Resources */,
				51ABC181201C839B006991D2 /* Assets.xcassets in Resources */,
			);
			runOnlyForDeploymentPostprocessing = 0;
		};
/* End PBXResourcesBuildPhase section */

/* Begin PBXShellScriptBuildPhase section */
		25A6C568C7669F849F531A5B /* [CP] Embed Pods Frameworks */ = {
			isa = PBXShellScriptBuildPhase;
			buildActionMask = 2147483647;
			files = (
			);
			inputPaths = (
				"${SRCROOT}/Pods/Target Support Files/Pods-FireBaseChat/Pods-FireBaseChat-frameworks.sh",
				"${BUILT_PRODUCTS_DIR}/GTMSessionFetcher/GTMSessionFetcher.framework",
				"${BUILT_PRODUCTS_DIR}/GoogleToolboxForMac/GoogleToolboxForMac.framework",
				"${BUILT_PRODUCTS_DIR}/leveldb-library/leveldb.framework",
				"${BUILT_PRODUCTS_DIR}/nanopb/nanopb.framework",
			);
			name = "[CP] Embed Pods Frameworks";
			outputPaths = (
				"${TARGET_BUILD_DIR}/${FRAMEWORKS_FOLDER_PATH}/GTMSessionFetcher.framework",
				"${TARGET_BUILD_DIR}/${FRAMEWORKS_FOLDER_PATH}/GoogleToolboxForMac.framework",
				"${TARGET_BUILD_DIR}/${FRAMEWORKS_FOLDER_PATH}/leveldb.framework",
				"${TARGET_BUILD_DIR}/${FRAMEWORKS_FOLDER_PATH}/nanopb.framework",
			);
			runOnlyForDeploymentPostprocessing = 0;
			shellPath = /bin/sh;
			shellScript = "\"${SRCROOT}/Pods/Target Support Files/Pods-FireBaseChat/Pods-FireBaseChat-frameworks.sh\"\n";
			showEnvVarsInLog = 0;
		};
		2C4F1443427671922BC7FC2E /* [CP] Check Pods Manifest.lock */ = {
			isa = PBXShellScriptBuildPhase;
			buildActionMask = 2147483647;
			files = (
			);
			inputPaths = (
				"${PODS_PODFILE_DIR_PATH}/Podfile.lock",
				"${PODS_ROOT}/Manifest.lock",
			);
			name = "[CP] Check Pods Manifest.lock";
			outputPaths = (
				"$(DERIVED_FILE_DIR)/Pods-FireBaseChat-checkManifestLockResult.txt",
			);
			runOnlyForDeploymentPostprocessing = 0;
			shellPath = /bin/sh;
			shellScript = "diff \"${PODS_PODFILE_DIR_PATH}/Podfile.lock\" \"${PODS_ROOT}/Manifest.lock\" > /dev/null\nif [ $? != 0 ] ; then\n    # print error to STDERR\n    echo \"error: The sandbox is not in sync with the Podfile.lock. Run 'pod install' or update your CocoaPods installation.\" >&2\n    exit 1\nfi\n# This output is used by Xcode 'outputs' to avoid re-running this script phase.\necho \"SUCCESS\" > \"${SCRIPT_OUTPUT_FILE_0}\"\n";
			showEnvVarsInLog = 0;
		};
		7473890A80EFFFF94F011FC8 /* [CP] Copy Pods Resources */ = {
			isa = PBXShellScriptBuildPhase;
			buildActionMask = 2147483647;
			files = (
			);
			inputPaths = (
			);
			name = "[CP] Copy Pods Resources";
			outputPaths = (
			);
			runOnlyForDeploymentPostprocessing = 0;
			shellPath = /bin/sh;
			shellScript = "\"${SRCROOT}/Pods/Target Support Files/Pods-FireBaseChat/Pods-FireBaseChat-resources.sh\"\n";
			showEnvVarsInLog = 0;
		};
/* End PBXShellScriptBuildPhase section */

/* Begin PBXSourcesBuildPhase section */
		51ABC172201C839A006991D2 /* Sources */ = {
			isa = PBXSourcesBuildPhase;
			buildActionMask = 2147483647;
			files = (
				51ABC17C201C839B006991D2 /* MainTableViewController.swift in Sources */,
				51ABC18E201C86F4006991D2 /* LoginController.swift in Sources */,
				51ABC17A201C839A006991D2 /* AppDelegate.swift in Sources */,
			);
			runOnlyForDeploymentPostprocessing = 0;
		};
/* End PBXSourcesBuildPhase section */

/* Begin PBXVariantGroup section */
		51ABC182201C839B006991D2 /* LaunchScreen.storyboard */ = {
			isa = PBXVariantGroup;
			children = (
				51ABC183201C839B006991D2 /* Base */,
			);
			name = LaunchScreen.storyboard;
			sourceTree = "<group>";
		};
/* End PBXVariantGroup section */

/* Begin XCBuildConfiguration section */
		51ABC186201C839B006991D2 /* Debug */ = {
			isa = XCBuildConfiguration;
			buildSettings = {
				ALWAYS_SEARCH_USER_PATHS = NO;
				CLANG_ANALYZER_NONNULL = YES;
				CLANG_ANALYZER_NUMBER_OBJECT_CONVERSION = YES_AGGRESSIVE;
				CLANG_CXX_LANGUAGE_STANDARD = "gnu++14";
				CLANG_CXX_LIBRARY = "libc++";
				CLANG_ENABLE_MODULES = YES;
				CLANG_ENABLE_OBJC_ARC = YES;
				CLANG_WARN_BLOCK_CAPTURE_AUTORELEASING = YES;
				CLANG_WARN_BOOL_CONVERSION = YES;
				CLANG_WARN_COMMA = YES;
				CLANG_WARN_CONSTANT_CONVERSION = YES;
				CLANG_WARN_DIRECT_OBJC_ISA_USAGE = YES_ERROR;
				CLANG_WARN_DOCUMENTATION_COMMENTS = YES;
				CLANG_WARN_EMPTY_BODY = YES;
				CLANG_WARN_ENUM_CONVERSION = YES;
				CLANG_WARN_INFINITE_RECURSION = YES;
				CLANG_WARN_INT_CONVERSION = YES;
				CLANG_WARN_NON_LITERAL_NULL_CONVERSION = YES;
				CLANG_WARN_OBJC_LITERAL_CONVERSION = YES;
				CLANG_WARN_OBJC_ROOT_CLASS = YES_ERROR;
				CLANG_WARN_RANGE_LOOP_ANALYSIS = YES;
				CLANG_WARN_STRICT_PROTOTYPES = YES;
				CLANG_WARN_SUSPICIOUS_MOVE = YES;
				CLANG_WARN_UNGUARDED_AVAILABILITY = YES_AGGRESSIVE;
				CLANG_WARN_UNREACHABLE_CODE = YES;
				CLANG_WARN__DUPLICATE_METHOD_MATCH = YES;
				CODE_SIGN_IDENTITY = "iPhone Developer";
				COPY_PHASE_STRIP = NO;
				DEBUG_INFORMATION_FORMAT = dwarf;
				ENABLE_STRICT_OBJC_MSGSEND = YES;
				ENABLE_TESTABILITY = YES;
				GCC_C_LANGUAGE_STANDARD = gnu11;
				GCC_DYNAMIC_NO_PIC = NO;
				GCC_NO_COMMON_BLOCKS = YES;
				GCC_OPTIMIZATION_LEVEL = 0;
				GCC_PREPROCESSOR_DEFINITIONS = (
					"DEBUG=1",
					"$(inherited)",
				);
				GCC_WARN_64_TO_32_BIT_CONVERSION = YES;
				GCC_WARN_ABOUT_RETURN_TYPE = YES_ERROR;
				GCC_WARN_UNDECLARED_SELECTOR = YES;
				GCC_WARN_UNINITIALIZED_AUTOS = YES_AGGRESSIVE;
				GCC_WARN_UNUSED_FUNCTION = YES;
				GCC_WARN_UNUSED_VARIABLE = YES;
				IPHONEOS_DEPLOYMENT_TARGET = 11.2;
				MTL_ENABLE_DEBUG_INFO = YES;
				ONLY_ACTIVE_ARCH = YES;
				SDKROOT = iphoneos;
				SWIFT_ACTIVE_COMPILATION_CONDITIONS = DEBUG;
				SWIFT_OPTIMIZATION_LEVEL = "-Onone";
			};
			name = Debug;
		};
		51ABC187201C839B006991D2 /* Release */ = {
			isa = XCBuildConfiguration;
			buildSettings = {
				ALWAYS_SEARCH_USER_PATHS = NO;
				CLANG_ANALYZER_NONNULL = YES;
				CLANG_ANALYZER_NUMBER_OBJECT_CONVERSION = YES_AGGRESSIVE;
				CLANG_CXX_LANGUAGE_STANDARD = "gnu++14";
				CLANG_CXX_LIBRARY = "libc++";
				CLANG_ENABLE_MODULES = YES;
				CLANG_ENABLE_OBJC_ARC = YES;
				CLANG_WARN_BLOCK_CAPTURE_AUTORELEASING = YES;
				CLANG_WARN_BOOL_CONVERSION = YES;
				CLANG_WARN_COMMA = YES;
				CLANG_WARN_CONSTANT_CONVERSION = YES;
				CLANG_WARN_DIRECT_OBJC_ISA_USAGE = YES_ERROR;
				CLANG_WARN_DOCUMENTATION_COMMENTS = YES;
				CLANG_WARN_EMPTY_BODY = YES;
				CLANG_WARN_ENUM_CONVERSION = YES;
				CLANG_WARN_INFINITE_RECURSION = YES;
				CLANG_WARN_INT_CONVERSION = YES;
				CLANG_WARN_NON_LITERAL_NULL_CONVERSION = YES;
				CLANG_WARN_OBJC_LITERAL_CONVERSION = YES;
				CLANG_WARN_OBJC_ROOT_CLASS = YES_ERROR;
				CLANG_WARN_RANGE_LOOP_ANALYSIS = YES;
				CLANG_WARN_STRICT_PROTOTYPES = YES;
				CLANG_WARN_SUSPICIOUS_MOVE = YES;
				CLANG_WARN_UNGUARDED_AVAILABILITY = YES_AGGRESSIVE;
				CLANG_WARN_UNREACHABLE_CODE = YES;
				CLANG_WARN__DUPLICATE_METHOD_MATCH = YES;
				CODE_SIGN_IDENTITY = "iPhone Developer";
				COPY_PHASE_STRIP = NO;
				DEBUG_INFORMATION_FORMAT = "dwarf-with-dsym";
				ENABLE_NS_ASSERTIONS = NO;
				ENABLE_STRICT_OBJC_MSGSEND = YES;
				GCC_C_LANGUAGE_STANDARD = gnu11;
				GCC_NO_COMMON_BLOCKS = YES;
				GCC_WARN_64_TO_32_BIT_CONVERSION = YES;
				GCC_WARN_ABOUT_RETURN_TYPE = YES_ERROR;
				GCC_WARN_UNDECLARED_SELECTOR = YES;
				GCC_WARN_UNINITIALIZED_AUTOS = YES_AGGRESSIVE;
				GCC_WARN_UNUSED_FUNCTION = YES;
				GCC_WARN_UNUSED_VARIABLE = YES;
				IPHONEOS_DEPLOYMENT_TARGET = 11.2;
				MTL_ENABLE_DEBUG_INFO = NO;
				SDKROOT = iphoneos;
				SWIFT_OPTIMIZATION_LEVEL = "-Owholemodule";
				VALIDATE_PRODUCT = YES;
			};
			name = Release;
		};
		51ABC189201C839B006991D2 /* Debug */ = {
			isa = XCBuildConfiguration;
			baseConfigurationReference = B119A315697A635CEDFDB7D9 /* Pods-FireBaseChat.debug.xcconfig */;
			buildSettings = {
				ASSETCATALOG_COMPILER_APPICON_NAME = AppIcon;
				CODE_SIGN_STYLE = Automatic;
				DEVELOPMENT_TEAM = 5J2G4846S8;
				INFOPLIST_FILE = FireBaseChat/Info.plist;
				IPHONEOS_DEPLOYMENT_TARGET = 10.3;
				LD_RUNPATH_SEARCH_PATHS = "$(inherited) @executable_path/Frameworks";
				PRODUCT_BUNDLE_IDENTIFIER = "com.alancasasarevalo-gmail.FireBaseChat";
				PRODUCT_NAME = "$(TARGET_NAME)";
				SWIFT_VERSION = 4.0;
				TARGETED_DEVICE_FAMILY = "1,2";
			};
			name = Debug;
		};
		51ABC18A201C839B006991D2 /* Release */ = {
			isa = XCBuildConfiguration;
			baseConfigurationReference = 286CFF86C76B6AA471DA39AE /* Pods-FireBaseChat.release.xcconfig */;
			buildSettings = {
				ASSETCATALOG_COMPILER_APPICON_NAME = AppIcon;
				CODE_SIGN_STYLE = Automatic;
				DEVELOPMENT_TEAM = 5J2G4846S8;
				INFOPLIST_FILE = FireBaseChat/Info.plist;
				IPHONEOS_DEPLOYMENT_TARGET = 10.3;
				LD_RUNPATH_SEARCH_PATHS = "$(inherited) @executable_path/Frameworks";
				PRODUCT_BUNDLE_IDENTIFIER = "com.alancasasarevalo-gmail.FireBaseChat";
				PRODUCT_NAME = "$(TARGET_NAME)";
				SWIFT_VERSION = 4.0;
				TARGETED_DEVICE_FAMILY = "1,2";
			};
			name = Release;
		};
/* End XCBuildConfiguration section */

/* Begin XCConfigurationList section */
		51ABC171201C839A006991D2 /* Build configuration list for PBXProject "FireBaseChat" */ = {
			isa = XCConfigurationList;
			buildConfigurations = (
				51ABC186201C839B006991D2 /* Debug */,
				51ABC187201C839B006991D2 /* Release */,
			);
			defaultConfigurationIsVisible = 0;
			defaultConfigurationName = Release;
		};
		51ABC188201C839B006991D2 /* Build configuration list for PBXNativeTarget "FireBaseChat" */ = {
			isa = XCConfigurationList;
			buildConfigurations = (
				51ABC189201C839B006991D2 /* Debug */,
				51ABC18A201C839B006991D2 /* Release */,
			);
			defaultConfigurationIsVisible = 0;
			defaultConfigurationName = Release;
		};
/* End XCConfigurationList section */
	};
	rootObject = 51ABC16E201C839A006991D2 /* Project object */;
}
